// !$*UTF8*$!
{
	archiveVersion = 1;
	classes = {
	};
	objectVersion = 50;
	objects = {

/* Begin PBXBuildFile section */
		A851746B21C3017D00D93EA3 /* AppDelegate.swift in Sources */ = {isa = PBXBuildFile; fileRef = A851746A21C3017D00D93EA3 /* AppDelegate.swift */; };
		A851746D21C3017D00D93EA3 /* ViewController.swift in Sources */ = {isa = PBXBuildFile; fileRef = A851746C21C3017D00D93EA3 /* ViewController.swift */; };
		A851747021C3017D00D93EA3 /* Main.storyboard in Resources */ = {isa = PBXBuildFile; fileRef = A851746E21C3017D00D93EA3 /* Main.storyboard */; };
		A851747221C3017E00D93EA3 /* Assets.xcassets in Resources */ = {isa = PBXBuildFile; fileRef = A851747121C3017E00D93EA3 /* Assets.xcassets */; };
		A851747521C3017E00D93EA3 /* LaunchScreen.storyboard in Resources */ = {isa = PBXBuildFile; fileRef = A851747321C3017E00D93EA3 /* LaunchScreen.storyboard */; };
		A851748421C302B900D93EA3 /* wateringcan.usdz in Resources */ = {isa = PBXBuildFile; fileRef = A851747D21C302B900D93EA3 /* wateringcan.usdz */; };
		A851748521C302B900D93EA3 /* teapot.usdz in Resources */ = {isa = PBXBuildFile; fileRef = A851747E21C302B900D93EA3 /* teapot.usdz */; };
		A851748621C302B900D93EA3 /* gramophone.usdz in Resources */ = {isa = PBXBuildFile; fileRef = A851747F21C302B900D93EA3 /* gramophone.usdz */; };
		A851748721C302B900D93EA3 /* cupandsaucer.usdz in Resources */ = {isa = PBXBuildFile; fileRef = A851748021C302B900D93EA3 /* cupandsaucer.usdz */; };
		A851748821C302B900D93EA3 /* redchair.usdz in Resources */ = {isa = PBXBuildFile; fileRef = A851748121C302B900D93EA3 /* redchair.usdz */; };
		A851748921C302B900D93EA3 /* tulip.usdz in Resources */ = {isa = PBXBuildFile; fileRef = A851748221C302B900D93EA3 /* tulip.usdz */; };
		A851748A21C302B900D93EA3 /* plantpot.usdz in Resources */ = {isa = PBXBuildFile; fileRef = A851748321C302B900D93EA3 /* plantpot.usdz */; };
		A851748C21C3117600D93EA3 /* cellClass.swift in Sources */ = {isa = PBXBuildFile; fileRef = A851748B21C3117600D93EA3 /* cellClass.swift */; };
		A851748E21C3338600D93EA3 /* wheelbarrow.usdz in Resources */ = {isa = PBXBuildFile; fileRef = A851748D21C3338600D93EA3 /* wheelbarrow.usdz */; };
		A851749021C3364B00D93EA3 /* iphone7.usdz in Resources */ = {isa = PBXBuildFile; fileRef = A851748F21C3364B00D93EA3 /* iphone7.usdz */; };
		A851749421C3384C00D93EA3 /* retrotv.usdz in Resources */ = {isa = PBXBuildFile; fileRef = A851749121C3384B00D93EA3 /* retrotv.usdz */; };
		A851749521C3384C00D93EA3 /* stratocaster.usdz in Resources */ = {isa = PBXBuildFile; fileRef = A851749221C3384B00D93EA3 /* stratocaster.usdz */; };
		A851749621C3384C00D93EA3 /* trowel.usdz in Resources */ = {isa = PBXBuildFile; fileRef = A851749321C3384C00D93EA3 /* trowel.usdz */; };
		A851749821C340D600D93EA3 /* SceneKit Scene.scn in Resources */ = {isa = PBXBuildFile; fileRef = A851749721C340D600D93EA3 /* SceneKit Scene.scn */; };
		A85174A421C370FA00D93EA3 /* SceneKit Scene2.scn in Resources */ = {isa = PBXBuildFile; fileRef = A85174A321C370FA00D93EA3 /* SceneKit Scene2.scn */; };
		A8DAF79521C65507000F6C4D /* desk.usdz in Resources */ = {isa = PBXBuildFile; fileRef = A8DAF78521C65505000F6C4D /* desk.usdz */; };
		A8DAF79621C65507000F6C4D /* greencouch.usdz in Resources */ = {isa = PBXBuildFile; fileRef = A8DAF78621C65505000F6C4D /* greencouch.usdz */; };
		A8DAF79721C65507000F6C4D /* singlebed2.usdz in Resources */ = {isa = PBXBuildFile; fileRef = A8DAF78721C65505000F6C4D /* singlebed2.usdz */; };
		A8DAF79821C65507000F6C4D /* yellowchair.usdz in Resources */ = {isa = PBXBuildFile; fileRef = A8DAF78821C65505000F6C4D /* yellowchair.usdz */; };
		A8DAF79921C65507000F6C4D /* singlebed.usdz in Resources */ = {isa = PBXBuildFile; fileRef = A8DAF78921C65505000F6C4D /* singlebed.usdz */; };
		A8DAF79A21C65507000F6C4D /* toilet.usdz in Resources */ = {isa = PBXBuildFile; fileRef = A8DAF78A21C65506000F6C4D /* toilet.usdz */; };
		A8DAF79B21C65507000F6C4D /* piano.usdz in Resources */ = {isa = PBXBuildFile; fileRef = A8DAF78B21C65506000F6C4D /* piano.usdz */; };
		A8DAF79C21C65507000F6C4D /* yellowcouch.usdz in Resources */ = {isa = PBXBuildFile; fileRef = A8DAF78C21C65506000F6C4D /* yellowcouch.usdz */; };
		A8DAF79D21C65507000F6C4D /* purplecouch.usdz in Resources */ = {isa = PBXBuildFile; fileRef = A8DAF78D21C65506000F6C4D /* purplecouch.usdz */; };
		A8DAF79E21C65507000F6C4D /* doublebed2.usdz in Resources */ = {isa = PBXBuildFile; fileRef = A8DAF78E21C65506000F6C4D /* doublebed2.usdz */; };
		A8DAF79F21C65507000F6C4D /* keyboard.usdz in Resources */ = {isa = PBXBuildFile; fileRef = A8DAF78F21C65506000F6C4D /* keyboard.usdz */; };
		A8DAF7A021C65507000F6C4D /* bathtub.usdz in Resources */ = {isa = PBXBuildFile; fileRef = A8DAF79021C65506000F6C4D /* bathtub.usdz */; };
		A8DAF7A121C65507000F6C4D /* bedroom.usdz in Resources */ = {isa = PBXBuildFile; fileRef = A8DAF79121C65506000F6C4D /* bedroom.usdz */; };
		A8DAF7A221C65507000F6C4D /* table.usdz in Resources */ = {isa = PBXBuildFile; fileRef = A8DAF79221C65507000F6C4D /* table.usdz */; };
		A8DAF7A321C65507000F6C4D /* pinkcouch.usdz in Resources */ = {isa = PBXBuildFile; fileRef = A8DAF79321C65507000F6C4D /* pinkcouch.usdz */; };
		A8DAF7A421C65507000F6C4D /* doublebed.usdz in Resources */ = {isa = PBXBuildFile; fileRef = A8DAF79421C65507000F6C4D /* doublebed.usdz */; };
/* End PBXBuildFile section */

/* Begin PBXFileReference section */
		A851746721C3017D00D93EA3 /* AR Decor.app */ = {isa = PBXFileReference; explicitFileType = wrapper.application; includeInIndex = 0; path = "AR Decor.app"; sourceTree = BUILT_PRODUCTS_DIR; };
		A851746A21C3017D00D93EA3 /* AppDelegate.swift */ = {isa = PBXFileReference; lastKnownFileType = sourcecode.swift; path = AppDelegate.swift; sourceTree = "<group>"; };
		A851746C21C3017D00D93EA3 /* ViewController.swift */ = {isa = PBXFileReference; lastKnownFileType = sourcecode.swift; path = ViewController.swift; sourceTree = "<group>"; };
		A851746F21C3017D00D93EA3 /* Base */ = {isa = PBXFileReference; lastKnownFileType = file.storyboard; name = Base; path = Base.lproj/Main.storyboard; sourceTree = "<group>"; };
		A851747121C3017E00D93EA3 /* Assets.xcassets */ = {isa = PBXFileReference; lastKnownFileType = folder.assetcatalog; path = Assets.xcassets; sourceTree = "<group>"; };
		A851747421C3017E00D93EA3 /* Base */ = {isa = PBXFileReference; lastKnownFileType = file.storyboard; name = Base; path = Base.lproj/LaunchScreen.storyboard; sourceTree = "<group>"; };
		A851747621C3017E00D93EA3 /* Info.plist */ = {isa = PBXFileReference; lastKnownFileType = text.plist.xml; path = Info.plist; sourceTree = "<group>"; };
		A851747D21C302B900D93EA3 /* wateringcan.usdz */ = {isa = PBXFileReference; lastKnownFileType = file; path = wateringcan.usdz; sourceTree = "<group>"; };
		A851747E21C302B900D93EA3 /* teapot.usdz */ = {isa = PBXFileReference; lastKnownFileType = file; path = teapot.usdz; sourceTree = "<group>"; };
		A851747F21C302B900D93EA3 /* gramophone.usdz */ = {isa = PBXFileReference; lastKnownFileType = file; path = gramophone.usdz; sourceTree = "<group>"; };
		A851748021C302B900D93EA3 /* cupandsaucer.usdz */ = {isa = PBXFileReference; lastKnownFileType = file; path = cupandsaucer.usdz; sourceTree = "<group>"; };
		A851748121C302B900D93EA3 /* redchair.usdz */ = {isa = PBXFileReference; lastKnownFileType = file; path = redchair.usdz; sourceTree = "<group>"; };
		A851748221C302B900D93EA3 /* tulip.usdz */ = {isa = PBXFileReference; lastKnownFileType = file; path = tulip.usdz; sourceTree = "<group>"; };
		A851748321C302B900D93EA3 /* plantpot.usdz */ = {isa = PBXFileReference; lastKnownFileType = file; path = plantpot.usdz; sourceTree = "<group>"; };
		A851748B21C3117600D93EA3 /* cellClass.swift */ = {isa = PBXFileReference; lastKnownFileType = sourcecode.swift; path = cellClass.swift; sourceTree = "<group>"; };
		A851748D21C3338600D93EA3 /* wheelbarrow.usdz */ = {isa = PBXFileReference; lastKnownFileType = file; path = wheelbarrow.usdz; sourceTree = "<group>"; };
		A851748F21C3364B00D93EA3 /* iphone7.usdz */ = {isa = PBXFileReference; lastKnownFileType = file; path = iphone7.usdz; sourceTree = "<group>"; };
		A851749121C3384B00D93EA3 /* retrotv.usdz */ = {isa = PBXFileReference; lastKnownFileType = file; path = retrotv.usdz; sourceTree = "<group>"; };
		A851749221C3384B00D93EA3 /* stratocaster.usdz */ = {isa = PBXFileReference; lastKnownFileType = file; path = stratocaster.usdz; sourceTree = "<group>"; };
		A851749321C3384C00D93EA3 /* trowel.usdz */ = {isa = PBXFileReference; lastKnownFileType = file; path = trowel.usdz; sourceTree = "<group>"; };
		A851749721C340D600D93EA3 /* SceneKit Scene.scn */ = {isa = PBXFileReference; lastKnownFileType = file.bplist; path = "SceneKit Scene.scn"; sourceTree = "<group>"; };
		A85174A321C370FA00D93EA3 /* SceneKit Scene2.scn */ = {isa = PBXFileReference; lastKnownFileType = file.bplist; path = "SceneKit Scene2.scn"; sourceTree = "<group>"; };
		A8DAF78521C65505000F6C4D /* desk.usdz */ = {isa = PBXFileReference; lastKnownFileType = file; path = desk.usdz; sourceTree = "<group>"; };
		A8DAF78621C65505000F6C4D /* greencouch.usdz */ = {isa = PBXFileReference; lastKnownFileType = file; path = greencouch.usdz; sourceTree = "<group>"; };
		A8DAF78721C65505000F6C4D /* singlebed2.usdz */ = {isa = PBXFileReference; lastKnownFileType = file; path = singlebed2.usdz; sourceTree = "<group>"; };
		A8DAF78821C65505000F6C4D /* yellowchair.usdz */ = {isa = PBXFileReference; lastKnownFileType = file; path = yellowchair.usdz; sourceTree = "<group>"; };
		A8DAF78921C65505000F6C4D /* singlebed.usdz */ = {isa = PBXFileReference; lastKnownFileType = file; path = singlebed.usdz; sourceTree = "<group>"; };
		A8DAF78A21C65506000F6C4D /* toilet.usdz */ = {isa = PBXFileReference; lastKnownFileType = file; path = toilet.usdz; sourceTree = "<group>"; };
		A8DAF78B21C65506000F6C4D /* piano.usdz */ = {isa = PBXFileReference; lastKnownFileType = file; path = piano.usdz; sourceTree = "<group>"; };
		A8DAF78C21C65506000F6C4D /* yellowcouch.usdz */ = {isa = PBXFileReference; lastKnownFileType = file; path = yellowcouch.usdz; sourceTree = "<group>"; };
		A8DAF78D21C65506000F6C4D /* purplecouch.usdz */ = {isa = PBXFileReference; lastKnownFileType = file; path = purplecouch.usdz; sourceTree = "<group>"; };
		A8DAF78E21C65506000F6C4D /* doublebed2.usdz */ = {isa = PBXFileReference; lastKnownFileType = file; path = doublebed2.usdz; sourceTree = "<group>"; };
		A8DAF78F21C65506000F6C4D /* keyboard.usdz */ = {isa = PBXFileReference; lastKnownFileType = file; path = keyboard.usdz; sourceTree = "<group>"; };
		A8DAF79021C65506000F6C4D /* bathtub.usdz */ = {isa = PBXFileReference; lastKnownFileType = file; path = bathtub.usdz; sourceTree = "<group>"; };
		A8DAF79121C65506000F6C4D /* bedroom.usdz */ = {isa = PBXFileReference; lastKnownFileType = file; path = bedroom.usdz; sourceTree = "<group>"; };
		A8DAF79221C65507000F6C4D /* table.usdz */ = {isa = PBXFileReference; lastKnownFileType = file; path = table.usdz; sourceTree = "<group>"; };
		A8DAF79321C65507000F6C4D /* pinkcouch.usdz */ = {isa = PBXFileReference; lastKnownFileType = file; path = pinkcouch.usdz; sourceTree = "<group>"; };
		A8DAF79421C65507000F6C4D /* doublebed.usdz */ = {isa = PBXFileReference; lastKnownFileType = file; path = doublebed.usdz; sourceTree = "<group>"; };
/* End PBXFileReference section */

/* Begin PBXFrameworksBuildPhase section */
		A851746421C3017D00D93EA3 /* Frameworks */ = {
			isa = PBXFrameworksBuildPhase;
			buildActionMask = 2147483647;
			files = (
			);
			runOnlyForDeploymentPostprocessing = 0;
		};
/* End PBXFrameworksBuildPhase section */

/* Begin PBXGroup section */
		A851745E21C3017D00D93EA3 = {
			isa = PBXGroup;
			children = (
				A85174A321C370FA00D93EA3 /* SceneKit Scene2.scn */,
				A851746921C3017D00D93EA3 /* AR Decor */,
				A851746821C3017D00D93EA3 /* Products */,
			);
			sourceTree = "<group>";
		};
		A851746821C3017D00D93EA3 /* Products */ = {
			isa = PBXGroup;
			children = (
				A851746721C3017D00D93EA3 /* AR Decor.app */,
			);
			name = Products;
			sourceTree = "<group>";
		};
		A851746921C3017D00D93EA3 /* AR Decor */ = {
			isa = PBXGroup;
			children = (
				A851747C21C302B900D93EA3 /* Models */,
				A851746A21C3017D00D93EA3 /* AppDelegate.swift */,
				A851746C21C3017D00D93EA3 /* ViewController.swift */,
				A851746E21C3017D00D93EA3 /* Main.storyboard */,
				A851748B21C3117600D93EA3 /* cellClass.swift */,
				A851747121C3017E00D93EA3 /* Assets.xcassets */,
				A851749721C340D600D93EA3 /* SceneKit Scene.scn */,
				A851747321C3017E00D93EA3 /* LaunchScreen.storyboard */,
				A851747621C3017E00D93EA3 /* Info.plist */,
			);
			path = "AR Decor";
			sourceTree = "<group>";
		};
		A851747C21C302B900D93EA3 /* Models */ = {
			isa = PBXGroup;
			children = (
				A851747D21C302B900D93EA3 /* wateringcan.usdz */,
				A851747E21C302B900D93EA3 /* teapot.usdz */,
				A851747F21C302B900D93EA3 /* gramophone.usdz */,
				A851748021C302B900D93EA3 /* cupandsaucer.usdz */,
				A851748121C302B900D93EA3 /* redchair.usdz */,
				A851748221C302B900D93EA3 /* tulip.usdz */,
				A851748321C302B900D93EA3 /* plantpot.usdz */,
				A851748D21C3338600D93EA3 /* wheelbarrow.usdz */,
				A851748F21C3364B00D93EA3 /* iphone7.usdz */,
				A851749121C3384B00D93EA3 /* retrotv.usdz */,
				A851749221C3384B00D93EA3 /* stratocaster.usdz */,
				A851749321C3384C00D93EA3 /* trowel.usdz */,
				A8DAF79021C65506000F6C4D /* bathtub.usdz */,
				A8DAF79121C65506000F6C4D /* bedroom.usdz */,
				A8DAF78521C65505000F6C4D /* desk.usdz */,
				A8DAF79421C65507000F6C4D /* doublebed.usdz */,
				A8DAF78E21C65506000F6C4D /* doublebed2.usdz */,
				A8DAF78621C65505000F6C4D /* greencouch.usdz */,
				A8DAF78F21C65506000F6C4D /* keyboard.usdz */,
				A8DAF78B21C65506000F6C4D /* piano.usdz */,
				A8DAF79321C65507000F6C4D /* pinkcouch.usdz */,
				A8DAF78D21C65506000F6C4D /* purplecouch.usdz */,
				A8DAF78921C65505000F6C4D /* singlebed.usdz */,
				A8DAF78721C65505000F6C4D /* singlebed2.usdz */,
				A8DAF79221C65507000F6C4D /* table.usdz */,
				A8DAF78A21C65506000F6C4D /* toilet.usdz */,
				A8DAF78821C65505000F6C4D /* yellowchair.usdz */,
				A8DAF78C21C65506000F6C4D /* yellowcouch.usdz */,
			);
			path = Models;
			sourceTree = "<group>";
		};
/* End PBXGroup section */

/* Begin PBXNativeTarget section */
		A851746621C3017D00D93EA3 /* AR Decor */ = {
			isa = PBXNativeTarget;
			buildConfigurationList = A851747921C3017E00D93EA3 /* Build configuration list for PBXNativeTarget "AR Decor" */;
			buildPhases = (
				A851746321C3017D00D93EA3 /* Sources */,
				A851746421C3017D00D93EA3 /* Frameworks */,
				A851746521C3017D00D93EA3 /* Resources */,
			);
			buildRules = (
			);
			dependencies = (
			);
			name = "AR Decor";
			productName = "AR Decor";
			productReference = A851746721C3017D00D93EA3 /* AR Decor.app */;
			productType = "com.apple.product-type.application";
		};
/* End PBXNativeTarget section */

/* Begin PBXProject section */
		A851745F21C3017D00D93EA3 /* Project object */ = {
			isa = PBXProject;
			attributes = {
				LastSwiftUpdateCheck = 1010;
				LastUpgradeCheck = 1010;
				ORGANIZATIONNAME = "U Keong Cheong";
				TargetAttributes = {
					A851746621C3017D00D93EA3 = {
						CreatedOnToolsVersion = 10.1;
					};
				};
			};
			buildConfigurationList = A851746221C3017D00D93EA3 /* Build configuration list for PBXProject "AR Decor" */;
			compatibilityVersion = "Xcode 9.3";
			developmentRegion = en;
			hasScannedForEncodings = 0;
			knownRegions = (
				en,
				Base,
			);
			mainGroup = A851745E21C3017D00D93EA3;
			productRefGroup = A851746821C3017D00D93EA3 /* Products */;
			projectDirPath = "";
			projectRoot = "";
			targets = (
				A851746621C3017D00D93EA3 /* AR Decor */,
			);
		};
/* End PBXProject section */

/* Begin PBXResourcesBuildPhase section */
		A851746521C3017D00D93EA3 /* Resources */ = {
			isa = PBXResourcesBuildPhase;
			buildActionMask = 2147483647;
			files = (
				A8DAF79C21C65507000F6C4D /* yellowcouch.usdz in Resources */,
				A851748E21C3338600D93EA3 /* wheelbarrow.usdz in Resources */,
				A8DAF7A421C65507000F6C4D /* doublebed.usdz in Resources */,
				A85174A421C370FA00D93EA3 /* SceneKit Scene2.scn in Resources */,
				A851747521C3017E00D93EA3 /* LaunchScreen.storyboard in Resources */,
				A8DAF79821C65507000F6C4D /* yellowchair.usdz in Resources */,
				A851749421C3384C00D93EA3 /* retrotv.usdz in Resources */,
				A8DAF7A321C65507000F6C4D /* pinkcouch.usdz in Resources */,
				A851748621C302B900D93EA3 /* gramophone.usdz in Resources */,
				A851747221C3017E00D93EA3 /* Assets.xcassets in Resources */,
				A851748A21C302B900D93EA3 /* plantpot.usdz in Resources */,
				A851749521C3384C00D93EA3 /* stratocaster.usdz in Resources */,
				A8DAF79F21C65507000F6C4D /* keyboard.usdz in Resources */,
				A851748821C302B900D93EA3 /* redchair.usdz in Resources */,
				A851749821C340D600D93EA3 /* SceneKit Scene.scn in Resources */,
				A851749021C3364B00D93EA3 /* iphone7.usdz in Resources */,
				A851747021C3017D00D93EA3 /* Main.storyboard in Resources */,
				A851748421C302B900D93EA3 /* wateringcan.usdz in Resources */,
				A8DAF7A221C65507000F6C4D /* table.usdz in Resources */,
				A851748521C302B900D93EA3 /* teapot.usdz in Resources */,
				A8DAF79E21C65507000F6C4D /* doublebed2.usdz in Resources */,
				A851748721C302B900D93EA3 /* cupandsaucer.usdz in Resources */,
				A8DAF79621C65507000F6C4D /* greencouch.usdz in Resources */,
				A8DAF7A021C65507000F6C4D /* bathtub.usdz in Resources */,
				A8DAF79D21C65507000F6C4D /* purplecouch.usdz in Resources */,
				A851749621C3384C00D93EA3 /* trowel.usdz in Resources */,
				A8DAF79521C65507000F6C4D /* desk.usdz in Resources */,
				A8DAF7A121C65507000F6C4D /* bedroom.usdz in Resources */,
				A8DAF79921C65507000F6C4D /* singlebed.usdz in Resources */,
				A8DAF79A21C65507000F6C4D /* toilet.usdz in Resources */,
				A8DAF79B21C65507000F6C4D /* piano.usdz in Resources */,
				A8DAF79721C65507000F6C4D /* singlebed2.usdz in Resources */,
				A851748921C302B900D93EA3 /* tulip.usdz in Resources */,
			);
			runOnlyForDeploymentPostprocessing = 0;
		};
/* End PBXResourcesBuildPhase section */

/* Begin PBXSourcesBuildPhase section */
		A851746321C3017D00D93EA3 /* Sources */ = {
			isa = PBXSourcesBuildPhase;
			buildActionMask = 2147483647;
			files = (
				A851746D21C3017D00D93EA3 /* ViewController.swift in Sources */,
				A851748C21C3117600D93EA3 /* cellClass.swift in Sources */,
				A851746B21C3017D00D93EA3 /* AppDelegate.swift in Sources */,
			);
			runOnlyForDeploymentPostprocessing = 0;
		};
/* End PBXSourcesBuildPhase section */

/* Begin PBXVariantGroup section */
		A851746E21C3017D00D93EA3 /* Main.storyboard */ = {
			isa = PBXVariantGroup;
			children = (
				A851746F21C3017D00D93EA3 /* Base */,
			);
			name = Main.storyboard;
			sourceTree = "<group>";
		};
		A851747321C3017E00D93EA3 /* LaunchScreen.storyboard */ = {
			isa = PBXVariantGroup;
			children = (
				A851747421C3017E00D93EA3 /* Base */,
			);
			name = LaunchScreen.storyboard;
			sourceTree = "<group>";
		};
/* End PBXVariantGroup section */

/* Begin XCBuildConfiguration section */
		A851747721C3017E00D93EA3 /* Debug */ = {
			isa = XCBuildConfiguration;
			buildSettings = {
				ALWAYS_SEARCH_USER_PATHS = NO;
				CLANG_ANALYZER_NONNULL = YES;
				CLANG_ANALYZER_NUMBER_OBJECT_CONVERSION = YES_AGGRESSIVE;
				CLANG_CXX_LANGUAGE_STANDARD = "gnu++14";
				CLANG_CXX_LIBRARY = "libc++";
				CLANG_ENABLE_MODULES = YES;
				CLANG_ENABLE_OBJC_ARC = YES;
				CLANG_ENABLE_OBJC_WEAK = YES;
				CLANG_WARN_BLOCK_CAPTURE_AUTORELEASING = YES;
				CLANG_WARN_BOOL_CONVERSION = YES;
				CLANG_WARN_COMMA = YES;
				CLANG_WARN_CONSTANT_CONVERSION = YES;
				CLANG_WARN_DEPRECATED_OBJC_IMPLEMENTATIONS = YES;
				CLANG_WARN_DIRECT_OBJC_ISA_USAGE = YES_ERROR;
				CLANG_WARN_DOCUMENTATION_COMMENTS = YES;
				CLANG_WARN_EMPTY_BODY = YES;
				CLANG_WARN_ENUM_CONVERSION = YES;
				CLANG_WARN_INFINITE_RECURSION = YES;
				CLANG_WARN_INT_CONVERSION = YES;
				CLANG_WARN_NON_LITERAL_NULL_CONVERSION = YES;
				CLANG_WARN_OBJC_IMPLICIT_RETAIN_SELF = YES;
				CLANG_WARN_OBJC_LITERAL_CONVERSION = YES;
				CLANG_WARN_OBJC_ROOT_CLASS = YES_ERROR;
				CLANG_WARN_RANGE_LOOP_ANALYSIS = YES;
				CLANG_WARN_STRICT_PROTOTYPES = YES;
				CLANG_WARN_SUSPICIOUS_MOVE = YES;
				CLANG_WARN_UNGUARDED_AVAILABILITY = YES_AGGRESSIVE;
				CLANG_WARN_UNREACHABLE_CODE = YES;
				CLANG_WARN__DUPLICATE_METHOD_MATCH = YES;
				CODE_SIGN_IDENTITY = "iPhone Developer";
				COPY_PHASE_STRIP = NO;
				DEBUG_INFORMATION_FORMAT = dwarf;
				ENABLE_STRICT_OBJC_MSGSEND = YES;
				ENABLE_TESTABILITY = YES;
				GCC_C_LANGUAGE_STANDARD = gnu11;
				GCC_DYNAMIC_NO_PIC = NO;
				GCC_NO_COMMON_BLOCKS = YES;
				GCC_OPTIMIZATION_LEVEL = 0;
				GCC_PREPROCESSOR_DEFINITIONS = (
					"DEBUG=1",
					"$(inherited)",
				);
				GCC_WARN_64_TO_32_BIT_CONVERSION = YES;
				GCC_WARN_ABOUT_RETURN_TYPE = YES_ERROR;
				GCC_WARN_UNDECLARED_SELECTOR = YES;
				GCC_WARN_UNINITIALIZED_AUTOS = YES_AGGRESSIVE;
				GCC_WARN_UNUSED_FUNCTION = YES;
				GCC_WARN_UNUSED_VARIABLE = YES;
				IPHONEOS_DEPLOYMENT_TARGET = 12.1;
				MTL_ENABLE_DEBUG_INFO = INCLUDE_SOURCE;
				MTL_FAST_MATH = YES;
				ONLY_ACTIVE_ARCH = YES;
				SDKROOT = iphoneos;
				SWIFT_ACTIVE_COMPILATION_CONDITIONS = DEBUG;
				SWIFT_OPTIMIZATION_LEVEL = "-Onone";
			};
			name = Debug;
		};
		A851747821C3017E00D93EA3 /* Release */ = {
			isa = XCBuildConfiguration;
			buildSettings = {
				ALWAYS_SEARCH_USER_PATHS = NO;
				CLANG_ANALYZER_NONNULL = YES;
				CLANG_ANALYZER_NUMBER_OBJECT_CONVERSION = YES_AGGRESSIVE;
				CLANG_CXX_LANGUAGE_STANDARD = "gnu++14";
				CLANG_CXX_LIBRARY = "libc++";
				CLANG_ENABLE_MODULES = YES;
				CLANG_ENABLE_OBJC_ARC = YES;
				CLANG_ENABLE_OBJC_WEAK = YES;
				CLANG_WARN_BLOCK_CAPTURE_AUTORELEASING = YES;
				CLANG_WARN_BOOL_CONVERSION = YES;
				CLANG_WARN_COMMA = YES;
				CLANG_WARN_CONSTANT_CONVERSION = YES;
				CLANG_WARN_DEPRECATED_OBJC_IMPLEMENTATIONS = YES;
				CLANG_WARN_DIRECT_OBJC_ISA_USAGE = YES_ERROR;
				CLANG_WARN_DOCUMENTATION_COMMENTS = YES;
				CLANG_WARN_EMPTY_BODY = YES;
				CLANG_WARN_ENUM_CONVERSION = YES;
				CLANG_WARN_INFINITE_RECURSION = YES;
				CLANG_WARN_INT_CONVERSION = YES;
				CLANG_WARN_NON_LITERAL_NULL_CONVERSION = YES;
				CLANG_WARN_OBJC_IMPLICIT_RETAIN_SELF = YES;
				CLANG_WARN_OBJC_LITERAL_CONVERSION = YES;
				CLANG_WARN_OBJC_ROOT_CLASS = YES_ERROR;
				CLANG_WARN_RANGE_LOOP_ANALYSIS = YES;
				CLANG_WARN_STRICT_PROTOTYPES = YES;
				CLANG_WARN_SUSPICIOUS_MOVE = YES;
				CLANG_WARN_UNGUARDED_AVAILABILITY = YES_AGGRESSIVE;
				CLANG_WARN_UNREACHABLE_CODE = YES;
				CLANG_WARN__DUPLICATE_METHOD_MATCH = YES;
				CODE_SIGN_IDENTITY = "iPhone Developer";
				COPY_PHASE_STRIP = NO;
				DEBUG_INFORMATION_FORMAT = "dwarf-with-dsym";
				ENABLE_NS_ASSERTIONS = NO;
				ENABLE_STRICT_OBJC_MSGSEND = YES;
				GCC_C_LANGUAGE_STANDARD = gnu11;
				GCC_NO_COMMON_BLOCKS = YES;
				GCC_WARN_64_TO_32_BIT_CONVERSION = YES;
				GCC_WARN_ABOUT_RETURN_TYPE = YES_ERROR;
				GCC_WARN_UNDECLARED_SELECTOR = YES;
				GCC_WARN_UNINITIALIZED_AUTOS = YES_AGGRESSIVE;
				GCC_WARN_UNUSED_FUNCTION = YES;
				GCC_WARN_UNUSED_VARIABLE = YES;
				IPHONEOS_DEPLOYMENT_TARGET = 12.1;
				MTL_ENABLE_DEBUG_INFO = NO;
				MTL_FAST_MATH = YES;
				SDKROOT = iphoneos;
				SWIFT_COMPILATION_MODE = wholemodule;
				SWIFT_OPTIMIZATION_LEVEL = "-O";
				VALIDATE_PRODUCT = YES;
			};
			name = Release;
		};
		A851747A21C3017E00D93EA3 /* Debug */ = {
			isa = XCBuildConfiguration;
			buildSettings = {
				ASSETCATALOG_COMPILER_APPICON_NAME = AppIcon;
				CODE_SIGN_STYLE = Automatic;
				DEVELOPMENT_TEAM = KQKT6Z7N5R;
				INFOPLIST_FILE = "AR Decor/Info.plist";
				LD_RUNPATH_SEARCH_PATHS = (
					"$(inherited)",
					"@executable_path/Frameworks",
				);
				PRODUCT_BUNDLE_IDENTIFIER = "com.cukray.AR-Decor";
				PRODUCT_NAME = "$(TARGET_NAME)";
				SWIFT_VERSION = 4.2;
				TARGETED_DEVICE_FAMILY = "1,2";
			};
			name = Debug;
		};
		A851747B21C3017E00D93EA3 /* Release */ = {
			isa = XCBuildConfiguration;
			buildSettings = {
				ASSETCATALOG_COMPILER_APPICON_NAME = AppIcon;
				CODE_SIGN_STYLE = Automatic;
				DEVELOPMENT_TEAM = KQKT6Z7N5R;
				INFOPLIST_FILE = "AR Decor/Info.plist";
				LD_RUNPATH_SEARCH_PATHS = (
					"$(inherited)",
					"@executable_path/Frameworks",
				);
				PRODUCT_BUNDLE_IDENTIFIER = "com.cukray.AR-Decor";
				PRODUCT_NAME = "$(TARGET_NAME)";
				SWIFT_VERSION = 4.2;
				TARGETED_DEVICE_FAMILY = "1,2";
			};
			name = Release;
		};
/* End XCBuildConfiguration section */

/* Begin XCConfigurationList section */
		A851746221C3017D00D93EA3 /* Build configuration list for PBXProject "AR Decor" */ = {
			isa = XCConfigurationList;
			buildConfigurations = (
				A851747721C3017E00D93EA3 /* Debug */,
				A851747821C3017E00D93EA3 /* Release */,
			);
			defaultConfigurationIsVisible = 0;
			defaultConfigurationName = Release;
		};
		A851747921C3017E00D93EA3 /* Build configuration list for PBXNativeTarget "AR Decor" */ = {
			isa = XCConfigurationList;
			buildConfigurations = (
				A851747A21C3017E00D93EA3 /* Debug */,
				A851747B21C3017E00D93EA3 /* Release */,
			);
			defaultConfigurationIsVisible = 0;
			defaultConfigurationName = Release;
		};
/* End XCConfigurationList section */
	};
	rootObject = A851745F21C3017D00D93EA3 /* Project object */;
}
